
Microsoft Visual Studio Solution File, Format Version 12.00
# Visual Studio Version 17
VisualStudioVersion = 17.5.001.0
MinimumVisualStudioVersion = 10.0.40219.1
Project("{9A19103F-16F7-4668-BE54-9A1E7A4F7556}") = "FileUploadPoc", "FileUploadPoc.csproj", "{EB5DB802-EFA7-4B39-8C98-154B493B9DE5}"
EndProject
Global
	GlobalSection(SolutionConfigurationPlatforms) = preSolution
		Debug|Any CPU = Debug|Any CPU
		Release|Any CPU = Release|Any CPU
	EndGlobalSection
	GlobalSection(ProjectConfigurationPlatforms) = postSolution
		{EB5DB802-EFA7-4B39-8C98-154B493B9DE5}.Debug|Any CPU.ActiveCfg = Debug|Any CPU
		{EB5DB802-EFA7-4B39-8C98-154B493B9DE5}.Debug|Any CPU.Build.0 = Debug|Any CPU
		{EB5DB802-EFA7-4B39-8C98-154B493B9DE5}.Release|Any CPU.ActiveCfg = Release|Any CPU
		{EB5DB802-EFA7-4B39-8C98-154B493B9DE5}.Release|Any CPU.Build.0 = Release|Any CPU
	EndGlobalSection
	GlobalSection(SolutionProperties) = preSolution
		HideSolutionNode = FALSE
	EndGlobalSection
	GlobalSection(ExtensibilityGlobals) = postSolution
		SolutionGuid = {FE1B39B6-8A6D-4967-95BC-6D9379CBA26B}
	EndGlobalSection
EndGlobal
